
Microsoft Visual Studio Solution File, Format Version 12.00
# Visual Studio Version 17
VisualStudioVersion = 17.5.33530.505
MinimumVisualStudioVersion = 10.0.40219.1
Project("{FAE04EC0-301F-11D3-BF4B-00C04F79EFBC}") = "APIDemo", "APIDemo.csproj", "{B0581684-00FC-4511-A4FC-2941E06954C6}"
EndProject
Project("{FAE04EC0-301F-11D3-BF4B-00C04F79EFBC}") = "Core", "..\Core\Core.csproj", "{A6B6DE3E-1003-46E2-9692-37D9884AB4AE}"
EndProject
Project("{FAE04EC0-301F-11D3-BF4B-00C04F79EFBC}") = "Infrastructure", "..\Infrastructure\Infrastructure.csproj", "{E02D05D0-4FD7-40A8-A28F-DD43D0CEC7FB}"
EndProject
Global
	GlobalSection(SolutionConfigurationPlatforms) = preSolution
		Debug|Any CPU = Debug|Any CPU
		Release|Any CPU = Release|Any CPU
	EndGlobalSection
	GlobalSection(ProjectConfigurationPlatforms) = postSolution
		{B0581684-00FC-4511-A4FC-2941E06954C6}.Debug|Any CPU.ActiveCfg = Debug|Any CPU
		{B0581684-00FC-4511-A4FC-2941E06954C6}.Debug|Any CPU.Build.0 = Debug|Any CPU
		{B0581684-00FC-4511-A4FC-2941E06954C6}.Release|Any CPU.ActiveCfg = Release|Any CPU
		{B0581684-00FC-4511-A4FC-2941E06954C6}.Release|Any CPU.Build.0 = Release|Any CPU
		{A6B6DE3E-1003-46E2-9692-37D9884AB4AE}.Debug|Any CPU.ActiveCfg = Debug|Any CPU
		{A6B6DE3E-1003-46E2-9692-37D9884AB4AE}.Debug|Any CPU.Build.0 = Debug|Any CPU
		{A6B6DE3E-1003-46E2-9692-37D9884AB4AE}.Release|Any CPU.ActiveCfg = Release|Any CPU
		{A6B6DE3E-1003-46E2-9692-37D9884AB4AE}.Release|Any CPU.Build.0 = Release|Any CPU
		{E02D05D0-4FD7-40A8-A28F-DD43D0CEC7FB}.Debug|Any CPU.ActiveCfg = Debug|Any CPU
		{E02D05D0-4FD7-40A8-A28F-DD43D0CEC7FB}.Debug|Any CPU.Build.0 = Debug|Any CPU
		{E02D05D0-4FD7-40A8-A28F-DD43D0CEC7FB}.Release|Any CPU.ActiveCfg = Release|Any CPU
		{E02D05D0-4FD7-40A8-A28F-DD43D0CEC7FB}.Release|Any CPU.Build.0 = Release|Any CPU
	EndGlobalSection
	GlobalSection(SolutionProperties) = preSolution
		HideSolutionNode = FALSE
	EndGlobalSection
	GlobalSection(ExtensibilityGlobals) = postSolution
		SolutionGuid = {EC99C961-7C0F-41C7-AD3B-87AD4B8B7906}
	EndGlobalSection
EndGlobal
